{
    "name": "app",
    "version": "1.0.0",
    "lockfileVersion": 2,
    "requires": true,
    "packages": {
        "": {
            "version": "1.0.0",
            "devDependencies": {
                "@picocss/pico": "^1.3.3"
            }
        },
        "node_modules/@picocss/pico": {
            "version": "1.5.0",
            "resolved": "https://registry.npmjs.org/@picocss/pico/-/pico-1.5.0.tgz",
            "integrity": "sha512-1sLeGqpIYHf2ZgVEVqpewWFkfYMCMt4eUU8uINRXI21cUKAPv7Jxft+4567SEWLOjzQKH5EhlbkQdC9tGi/c+A==",
            "dev": true
        }
    },
    "dependencies": {
        "@picocss/pico": {
            "version": "1.5.0",
            "resolved": "https://registry.npmjs.org/@picocss/pico/-/pico-1.5.0.tgz",
            "integrity": "sha512-1sLeGqpIYHf2ZgVEVqpewWFkfYMCMt4eUU8uINRXI21cUKAPv7Jxft+4567SEWLOjzQKH5EhlbkQdC9tGi/c+A==",
            "dev": true
        }
    }
}
