{
    "name": "teambuilder",
    "version": "1.0.0",
    "lockfileVersion": 1,
    "requires": true,
    "dependencies": {
        "@picocss/pico": {
            "version": "1.3.3",
            "resolved": "https://registry.npmjs.org/@picocss/pico/-/pico-1.3.3.tgz",
            "integrity": "sha512-fV1e1VqZHYF4LgHu1JCoZmq8qkzo1f18f04+IIe7JvK4Bz4KmkiQXn4lQmxo2iZjYwCzH62OCW3H0g71Mu22/A==",
            "dev": true
        }
    }
}
